
Microsoft Visual Studio Solution File, Format Version 12.00
# Visual Studio Version 17
VisualStudioVersion = 17.0.31903.59
MinimumVisualStudioVersion = 10.0.40219.1
Project("{9A19103F-16F7-4668-BE54-9A1E7A4F7556}") = "ado2gh", "ado2gh\ado2gh.csproj", "{506E3B32-092F-4EFC-AA1B-ECF3A5490C9E}"
EndProject
Project("{9A19103F-16F7-4668-BE54-9A1E7A4F7556}") = "OctoshiftCLI.Tests", "OctoshiftCLI.Tests\OctoshiftCLI.Tests.csproj", "{DEAAB254-02C3-4A7B-814F-0555E852E5D7}"
EndProject
Project("{2150E333-8FDC-42A3-9474-1A3956D46DE8}") = "Solution Items", "Solution Items", "{7AE2DD08-9B89-4B29-89B1-AEFA50169EE3}"
	ProjectSection(SolutionItems) = preProject
		.editorconfig = .editorconfig
		..\RELEASENOTES.md = ..\RELEASENOTES.md
	EndProjectSection
EndProject
Project("{9A19103F-16F7-4668-BE54-9A1E7A4F7556}") = "Octoshift", "Octoshift\Octoshift.csproj", "{FA310CCF-3FF2-4DED-9619-28B6DBC3DC4F}"
EndProject
Project("{9A19103F-16F7-4668-BE54-9A1E7A4F7556}") = "gei", "gei\gei.csproj", "{0818E9ED-2B8A-4312-A3B2-6E1B1ED78A1A}"
EndProject
Project("{9A19103F-16F7-4668-BE54-9A1E7A4F7556}") = "OctoshiftCLI.IntegrationTests", "OctoshiftCLI.IntegrationTests\OctoshiftCLI.IntegrationTests.csproj", "{308F794A-92E9-43E1-A092-C2F7D99F2C44}"
EndProject
Project("{9A19103F-16F7-4668-BE54-9A1E7A4F7556}") = "bbs2gh", "bbs2gh\bbs2gh.csproj", "{39EE734C-AC4A-42AC-801A-ECCA661C23A1}"
EndProject
Global
	GlobalSection(SolutionConfigurationPlatforms) = preSolution
		Debug|Any CPU = Debug|Any CPU
		Release|Any CPU = Release|Any CPU
	EndGlobalSection
	GlobalSection(ProjectConfigurationPlatforms) = postSolution
		{506E3B32-092F-4EFC-AA1B-ECF3A5490C9E}.Debug|Any CPU.ActiveCfg = Debug|Any CPU
		{506E3B32-092F-4EFC-AA1B-ECF3A5490C9E}.Debug|Any CPU.Build.0 = Debug|Any CPU
		{506E3B32-092F-4EFC-AA1B-ECF3A5490C9E}.Release|Any CPU.ActiveCfg = Release|Any CPU
		{506E3B32-092F-4EFC-AA1B-ECF3A5490C9E}.Release|Any CPU.Build.0 = Release|Any CPU
		{DEAAB254-02C3-4A7B-814F-0555E852E5D7}.Debug|Any CPU.ActiveCfg = Debug|Any CPU
		{DEAAB254-02C3-4A7B-814F-0555E852E5D7}.Debug|Any CPU.Build.0 = Debug|Any CPU
		{DEAAB254-02C3-4A7B-814F-0555E852E5D7}.Release|Any CPU.ActiveCfg = Release|Any CPU
		{DEAAB254-02C3-4A7B-814F-0555E852E5D7}.Release|Any CPU.Build.0 = Release|Any CPU
		{FA310CCF-3FF2-4DED-9619-28B6DBC3DC4F}.Debug|Any CPU.ActiveCfg = Debug|Any CPU
		{FA310CCF-3FF2-4DED-9619-28B6DBC3DC4F}.Debug|Any CPU.Build.0 = Debug|Any CPU
		{FA310CCF-3FF2-4DED-9619-28B6DBC3DC4F}.Release|Any CPU.ActiveCfg = Release|Any CPU
		{FA310CCF-3FF2-4DED-9619-28B6DBC3DC4F}.Release|Any CPU.Build.0 = Release|Any CPU
		{0818E9ED-2B8A-4312-A3B2-6E1B1ED78A1A}.Debug|Any CPU.ActiveCfg = Debug|Any CPU
		{0818E9ED-2B8A-4312-A3B2-6E1B1ED78A1A}.Debug|Any CPU.Build.0 = Debug|Any CPU
		{0818E9ED-2B8A-4312-A3B2-6E1B1ED78A1A}.Release|Any CPU.ActiveCfg = Release|Any CPU
		{0818E9ED-2B8A-4312-A3B2-6E1B1ED78A1A}.Release|Any CPU.Build.0 = Release|Any CPU
		{308F794A-92E9-43E1-A092-C2F7D99F2C44}.Debug|Any CPU.ActiveCfg = Debug|Any CPU
		{308F794A-92E9-43E1-A092-C2F7D99F2C44}.Debug|Any CPU.Build.0 = Debug|Any CPU
		{308F794A-92E9-43E1-A092-C2F7D99F2C44}.Release|Any CPU.ActiveCfg = Release|Any CPU
		{308F794A-92E9-43E1-A092-C2F7D99F2C44}.Release|Any CPU.Build.0 = Release|Any CPU
		{39EE734C-AC4A-42AC-801A-ECCA661C23A1}.Debug|Any CPU.ActiveCfg = Debug|Any CPU
		{39EE734C-AC4A-42AC-801A-ECCA661C23A1}.Debug|Any CPU.Build.0 = Debug|Any CPU
		{39EE734C-AC4A-42AC-801A-ECCA661C23A1}.Release|Any CPU.ActiveCfg = Release|Any CPU
		{39EE734C-AC4A-42AC-801A-ECCA661C23A1}.Release|Any CPU.Build.0 = Release|Any CPU
	EndGlobalSection
	GlobalSection(SolutionProperties) = preSolution
		HideSolutionNode = FALSE
	EndGlobalSection
	GlobalSection(ExtensibilityGlobals) = postSolution
		SolutionGuid = {89033643-B40D-43DB-B162-B1A7D935831C}
	EndGlobalSection
EndGlobal
